
Microsoft Visual Studio Solution File, Format Version 12.00
# Visual Studio Version 16
VisualStudioVersion = 16.0.30413.136
MinimumVisualStudioVersion = 10.0.40219.1
Project("{9A19103F-16F7-4668-BE54-9A1E7A4F7556}") = "eShopSolution.WebApp", "eShopSolution.WebApp\eShopSolution.WebApp.csproj", "{81F65E62-C4F3-4F7E-8106-729897602E65}"
EndProject
Project("{2150E333-8FDC-42A3-9474-1A3956D46DE8}") = "Solution Items", "Solution Items", "{DE74708B-CD45-4EBC-9E78-62F5DA80A7F4}"
	ProjectSection(SolutionItems) = preProject
		README.md = README.md
	EndProjectSection
EndProject
Global
	GlobalSection(SolutionConfigurationPlatforms) = preSolution
		Debug|Any CPU = Debug|Any CPU
		Release|Any CPU = Release|Any CPU
	EndGlobalSection
	GlobalSection(ProjectConfigurationPlatforms) = postSolution
		{81F65E62-C4F3-4F7E-8106-729897602E65}.Debug|Any CPU.ActiveCfg = Debug|Any CPU
		{81F65E62-C4F3-4F7E-8106-729897602E65}.Debug|Any CPU.Build.0 = Debug|Any CPU
		{81F65E62-C4F3-4F7E-8106-729897602E65}.Release|Any CPU.ActiveCfg = Release|Any CPU
		{81F65E62-C4F3-4F7E-8106-729897602E65}.Release|Any CPU.Build.0 = Release|Any CPU
	EndGlobalSection
	GlobalSection(SolutionProperties) = preSolution
		HideSolutionNode = FALSE
	EndGlobalSection
	GlobalSection(ExtensibilityGlobals) = postSolution
		SolutionGuid = {837811A1-D46E-4E33-BD5A-378CF9E92DA4}
	EndGlobalSection
EndGlobal
