
Microsoft Visual Studio Solution File, Format Version 12.00
# Visual Studio Version 16
VisualStudioVersion = 16.0.30413.136
MinimumVisualStudioVersion = 10.0.40219.1
Project("{2150E333-8FDC-42A3-9474-1A3956D46DE8}") = "0. Solution Items", "0. Solution Items", "{DE74708B-CD45-4EBC-9E78-62F5DA80A7F4}"
	ProjectSection(SolutionItems) = preProject
		README.md = README.md
	EndProjectSection
EndProject
Project("{9A19103F-16F7-4668-BE54-9A1E7A4F7556}") = "eShopSolution.Data", "eShopSolution.Data\eShopSolution.Data.csproj", "{40881D3B-4E1D-479F-B079-E26BA7FE42D1}"
EndProject
Project("{9A19103F-16F7-4668-BE54-9A1E7A4F7556}") = "eShopSolution.Application", "eShopSolution.Application\eShopSolution.Application.csproj", "{2CB6A5A1-CB43-4D7F-9887-D877837618EE}"
EndProject
Project("{9A19103F-16F7-4668-BE54-9A1E7A4F7556}") = "eShopSolution.Utilities", "eShopSolution.Utilities\eShopSolution.Utilities.csproj", "{3B1A0278-C072-4D4F-B6D3-9D55FE4B536A}"
EndProject
Project("{9A19103F-16F7-4668-BE54-9A1E7A4F7556}") = "eShopSolution.ViewModels", "eShopSolution.ViewModels\eShopSolution.ViewModels.csproj", "{4BBB9D05-0D5F-449C-AEFA-0CDD0EE9F912}"
EndProject
Project("{9A19103F-16F7-4668-BE54-9A1E7A4F7556}") = "eShopSolution.BackendApi", "eShopSolution.BackendApi\eShopSolution.BackendApi.csproj", "{99B0AC2C-8EF4-4B3B-9C8D-BAF7701129EB}"
EndProject
Project("{2150E333-8FDC-42A3-9474-1A3956D46DE8}") = "1. Infrastructure", "1. Infrastructure", "{D9EC2305-E41A-4B1B-A163-BC30BCEB4254}"
EndProject
Project("{2150E333-8FDC-42A3-9474-1A3956D46DE8}") = "2. Domain", "2. Domain", "{9FEC7B77-F190-4EFF-ADFE-D72934033EB8}"
EndProject
Project("{2150E333-8FDC-42A3-9474-1A3956D46DE8}") = "3. Hosts", "3. Hosts", "{D7711017-0FC2-4AF5-B3BC-EEF3B3115E78}"
EndProject
Project("{9A19103F-16F7-4668-BE54-9A1E7A4F7556}") = "eShopSolution.AdminApp", "eShopSolution.AdminApp\eShopSolution.AdminApp.csproj", "{445D314F-004F-481D-8019-DE5DD6AA32E0}"
EndProject
Project("{9A19103F-16F7-4668-BE54-9A1E7A4F7556}") = "eShopSolution.WebApp", "eShopSolution.WebApp\eShopSolution.WebApp.csproj", "{49D1172E-A028-4407-A40F-75D179B3B40E}"
EndProject
Project("{FAE04EC0-301F-11D3-BF4B-00C04F79EFBC}") = "eShopSolution.ApiIntegration", "eShopSolution.ApiIntegration\eShopSolution.ApiIntegration.csproj", "{FE66B640-E259-48C6-B6A6-4104B72A6712}"
EndProject
Global
	GlobalSection(SolutionConfigurationPlatforms) = preSolution
		Debug|Any CPU = Debug|Any CPU
		Release|Any CPU = Release|Any CPU
	EndGlobalSection
	GlobalSection(ProjectConfigurationPlatforms) = postSolution
		{40881D3B-4E1D-479F-B079-E26BA7FE42D1}.Debug|Any CPU.ActiveCfg = Debug|Any CPU
		{40881D3B-4E1D-479F-B079-E26BA7FE42D1}.Debug|Any CPU.Build.0 = Debug|Any CPU
		{40881D3B-4E1D-479F-B079-E26BA7FE42D1}.Release|Any CPU.ActiveCfg = Release|Any CPU
		{40881D3B-4E1D-479F-B079-E26BA7FE42D1}.Release|Any CPU.Build.0 = Release|Any CPU
		{2CB6A5A1-CB43-4D7F-9887-D877837618EE}.Debug|Any CPU.ActiveCfg = Debug|Any CPU
		{2CB6A5A1-CB43-4D7F-9887-D877837618EE}.Debug|Any CPU.Build.0 = Debug|Any CPU
		{2CB6A5A1-CB43-4D7F-9887-D877837618EE}.Release|Any CPU.ActiveCfg = Release|Any CPU
		{2CB6A5A1-CB43-4D7F-9887-D877837618EE}.Release|Any CPU.Build.0 = Release|Any CPU
		{3B1A0278-C072-4D4F-B6D3-9D55FE4B536A}.Debug|Any CPU.ActiveCfg = Debug|Any CPU
		{3B1A0278-C072-4D4F-B6D3-9D55FE4B536A}.Debug|Any CPU.Build.0 = Debug|Any CPU
		{3B1A0278-C072-4D4F-B6D3-9D55FE4B536A}.Release|Any CPU.ActiveCfg = Release|Any CPU
		{3B1A0278-C072-4D4F-B6D3-9D55FE4B536A}.Release|Any CPU.Build.0 = Release|Any CPU
		{4BBB9D05-0D5F-449C-AEFA-0CDD0EE9F912}.Debug|Any CPU.ActiveCfg = Debug|Any CPU
		{4BBB9D05-0D5F-449C-AEFA-0CDD0EE9F912}.Debug|Any CPU.Build.0 = Debug|Any CPU
		{4BBB9D05-0D5F-449C-AEFA-0CDD0EE9F912}.Release|Any CPU.ActiveCfg = Release|Any CPU
		{4BBB9D05-0D5F-449C-AEFA-0CDD0EE9F912}.Release|Any CPU.Build.0 = Release|Any CPU
		{99B0AC2C-8EF4-4B3B-9C8D-BAF7701129EB}.Debug|Any CPU.ActiveCfg = Debug|Any CPU
		{99B0AC2C-8EF4-4B3B-9C8D-BAF7701129EB}.Debug|Any CPU.Build.0 = Debug|Any CPU
		{99B0AC2C-8EF4-4B3B-9C8D-BAF7701129EB}.Release|Any CPU.ActiveCfg = Release|Any CPU
		{99B0AC2C-8EF4-4B3B-9C8D-BAF7701129EB}.Release|Any CPU.Build.0 = Release|Any CPU
		{445D314F-004F-481D-8019-DE5DD6AA32E0}.Debug|Any CPU.ActiveCfg = Debug|Any CPU
		{445D314F-004F-481D-8019-DE5DD6AA32E0}.Debug|Any CPU.Build.0 = Debug|Any CPU
		{445D314F-004F-481D-8019-DE5DD6AA32E0}.Release|Any CPU.ActiveCfg = Release|Any CPU
		{445D314F-004F-481D-8019-DE5DD6AA32E0}.Release|Any CPU.Build.0 = Release|Any CPU
		{49D1172E-A028-4407-A40F-75D179B3B40E}.Debug|Any CPU.ActiveCfg = Debug|Any CPU
		{49D1172E-A028-4407-A40F-75D179B3B40E}.Debug|Any CPU.Build.0 = Debug|Any CPU
		{49D1172E-A028-4407-A40F-75D179B3B40E}.Release|Any CPU.ActiveCfg = Release|Any CPU
		{49D1172E-A028-4407-A40F-75D179B3B40E}.Release|Any CPU.Build.0 = Release|Any CPU
		{FE66B640-E259-48C6-B6A6-4104B72A6712}.Debug|Any CPU.ActiveCfg = Debug|Any CPU
		{FE66B640-E259-48C6-B6A6-4104B72A6712}.Debug|Any CPU.Build.0 = Debug|Any CPU
		{FE66B640-E259-48C6-B6A6-4104B72A6712}.Release|Any CPU.ActiveCfg = Release|Any CPU
		{FE66B640-E259-48C6-B6A6-4104B72A6712}.Release|Any CPU.Build.0 = Release|Any CPU
	EndGlobalSection
	GlobalSection(SolutionProperties) = preSolution
		HideSolutionNode = FALSE
	EndGlobalSection
	GlobalSection(NestedProjects) = preSolution
		{40881D3B-4E1D-479F-B079-E26BA7FE42D1} = {9FEC7B77-F190-4EFF-ADFE-D72934033EB8}
		{2CB6A5A1-CB43-4D7F-9887-D877837618EE} = {9FEC7B77-F190-4EFF-ADFE-D72934033EB8}
		{3B1A0278-C072-4D4F-B6D3-9D55FE4B536A} = {D9EC2305-E41A-4B1B-A163-BC30BCEB4254}
		{4BBB9D05-0D5F-449C-AEFA-0CDD0EE9F912} = {D9EC2305-E41A-4B1B-A163-BC30BCEB4254}
		{99B0AC2C-8EF4-4B3B-9C8D-BAF7701129EB} = {D7711017-0FC2-4AF5-B3BC-EEF3B3115E78}
		{445D314F-004F-481D-8019-DE5DD6AA32E0} = {D7711017-0FC2-4AF5-B3BC-EEF3B3115E78}
		{49D1172E-A028-4407-A40F-75D179B3B40E} = {D7711017-0FC2-4AF5-B3BC-EEF3B3115E78}
		{FE66B640-E259-48C6-B6A6-4104B72A6712} = {D7711017-0FC2-4AF5-B3BC-EEF3B3115E78}
	EndGlobalSection
	GlobalSection(ExtensibilityGlobals) = postSolution
		SolutionGuid = {837811A1-D46E-4E33-BD5A-378CF9E92DA4}
	EndGlobalSection
EndGlobal
